// !$*UTF8*$!
{
	archiveVersion = 1;
	classes = {
	};
	objectVersion = 56;
	objects = {

/* Begin PBXBuildFile section */
		E39642272BC41A790036B41B /* AppDelegate.swift in Sources */ = {isa = PBXBuildFile; fileRef = E39642262BC41A790036B41B /* AppDelegate.swift */; };
		E39642292BC41A790036B41B /* SceneDelegate.swift in Sources */ = {isa = PBXBuildFile; fileRef = E39642282BC41A790036B41B /* SceneDelegate.swift */; };
		E396422B2BC41A790036B41B /* WebViewViewController.swift in Sources */ = {isa = PBXBuildFile; fileRef = E396422A2BC41A790036B41B /* WebViewViewController.swift */; };
		E396422E2BC41A790036B41B /* Base in Resources */ = {isa = PBXBuildFile; fileRef = E396422D2BC41A790036B41B /* Base */; };
		E39642302BC41A7A0036B41B /* Assets.xcassets in Resources */ = {isa = PBXBuildFile; fileRef = E396422F2BC41A7A0036B41B /* Assets.xcassets */; };
		E39642332BC41A7A0036B41B /* Base in Resources */ = {isa = PBXBuildFile; fileRef = E39642322BC41A7A0036B41B /* Base */; };
		E396423E2BC41A7B0036B41B /* UICTests.swift in Sources */ = {isa = PBXBuildFile; fileRef = E396423D2BC41A7B0036B41B /* UICTests.swift */; };
		E39642482BC41A7B0036B41B /* UICUITests.swift in Sources */ = {isa = PBXBuildFile; fileRef = E39642472BC41A7B0036B41B /* UICUITests.swift */; };
		E396424A2BC41A7B0036B41B /* UICUITestsLaunchTests.swift in Sources */ = {isa = PBXBuildFile; fileRef = E39642492BC41A7B0036B41B /* UICUITestsLaunchTests.swift */; };
		E39642572BC41A950036B41B /* AppConstants.swift in Sources */ = {isa = PBXBuildFile; fileRef = E39642562BC41A950036B41B /* AppConstants.swift */; };
/* End PBXBuildFile section */

/* Begin PBXContainerItemProxy section */
		E396423A2BC41A7B0036B41B /* PBXContainerItemProxy */ = {
			isa = PBXContainerItemProxy;
			containerPortal = E396421B2BC41A780036B41B /* Project object */;
			proxyType = 1;
			remoteGlobalIDString = E39642222BC41A780036B41B;
			remoteInfo = UIC;
		};
		E39642442BC41A7B0036B41B /* PBXContainerItemProxy */ = {
			isa = PBXContainerItemProxy;
			containerPortal = E396421B2BC41A780036B41B /* Project object */;
			proxyType = 1;
			remoteGlobalIDString = E39642222BC41A780036B41B;
			remoteInfo = UIC;
		};
/* End PBXContainerItemProxy section */

/* Begin PBXFileReference section */
		E39642232BC41A790036B41B /* UIC.app */ = {isa = PBXFileReference; explicitFileType = wrapper.application; includeInIndex = 0; path = UIC.app; sourceTree = BUILT_PRODUCTS_DIR; };
		E39642262BC41A790036B41B /* AppDelegate.swift */ = {isa = PBXFileReference; lastKnownFileType = sourcecode.swift; path = AppDelegate.swift; sourceTree = "<group>"; };
		E39642282BC41A790036B41B /* SceneDelegate.swift */ = {isa = PBXFileReference; lastKnownFileType = sourcecode.swift; path = SceneDelegate.swift; sourceTree = "<group>"; };
		E396422A2BC41A790036B41B /* WebViewViewController.swift */ = {isa = PBXFileReference; lastKnownFileType = sourcecode.swift; path = WebViewViewController.swift; sourceTree = "<group>"; };
		E396422D2BC41A790036B41B /* Base */ = {isa = PBXFileReference; lastKnownFileType = file.storyboard; name = Base; path = Base.lproj/Main.storyboard; sourceTree = "<group>"; };
		E396422F2BC41A7A0036B41B /* Assets.xcassets */ = {isa = PBXFileReference; lastKnownFileType = folder.assetcatalog; path = Assets.xcassets; sourceTree = "<group>"; };
		E39642322BC41A7A0036B41B /* Base */ = {isa = PBXFileReference; lastKnownFileType = file.storyboard; name = Base; path = Base.lproj/LaunchScreen.storyboard; sourceTree = "<group>"; };
		E39642342BC41A7A0036B41B /* Info.plist */ = {isa = PBXFileReference; lastKnownFileType = text.plist.xml; path = Info.plist; sourceTree = "<group>"; };
		E39642392BC41A7B0036B41B /* UICTests.xctest */ = {isa = PBXFileReference; explicitFileType = wrapper.cfbundle; includeInIndex = 0; path = UICTests.xctest; sourceTree = BUILT_PRODUCTS_DIR; };
		E396423D2BC41A7B0036B41B /* UICTests.swift */ = {isa = PBXFileReference; lastKnownFileType = sourcecode.swift; path = UICTests.swift; sourceTree = "<group>"; };
		E39642432BC41A7B0036B41B /* UICUITests.xctest */ = {isa = PBXFileReference; explicitFileType = wrapper.cfbundle; includeInIndex = 0; path = UICUITests.xctest; sourceTree = BUILT_PRODUCTS_DIR; };
		E39642472BC41A7B0036B41B /* UICUITests.swift */ = {isa = PBXFileReference; lastKnownFileType = sourcecode.swift; path = UICUITests.swift; sourceTree = "<group>"; };
		E39642492BC41A7B0036B41B /* UICUITestsLaunchTests.swift */ = {isa = PBXFileReference; lastKnownFileType = sourcecode.swift; path = UICUITestsLaunchTests.swift; sourceTree = "<group>"; };
		E39642562BC41A950036B41B /* AppConstants.swift */ = {isa = PBXFileReference; lastKnownFileType = sourcecode.swift; path = AppConstants.swift; sourceTree = "<group>"; };
/* End PBXFileReference section */

/* Begin PBXFrameworksBuildPhase section */
		E39642202BC41A780036B41B /* Frameworks */ = {
			isa = PBXFrameworksBuildPhase;
			buildActionMask = 2147483647;
			files = (
			);
			runOnlyForDeploymentPostprocessing = 0;
		};
		E39642362BC41A7B0036B41B /* Frameworks */ = {
			isa = PBXFrameworksBuildPhase;
			buildActionMask = 2147483647;
			files = (
			);
			runOnlyForDeploymentPostprocessing = 0;
		};
		E39642402BC41A7B0036B41B /* Frameworks */ = {
			isa = PBXFrameworksBuildPhase;
			buildActionMask = 2147483647;
			files = (
			);
			runOnlyForDeploymentPostprocessing = 0;
		};
/* End PBXFrameworksBuildPhase section */

/* Begin PBXGroup section */
		E396421A2BC41A780036B41B = {
			isa = PBXGroup;
			children = (
				E39642252BC41A790036B41B /* UIC */,
				E396423C2BC41A7B0036B41B /* UICTests */,
				E39642462BC41A7B0036B41B /* UICUITests */,
				E39642242BC41A790036B41B /* Products */,
			);
			sourceTree = "<group>";
		};
		E39642242BC41A790036B41B /* Products */ = {
			isa = PBXGroup;
			children = (
				E39642232BC41A790036B41B /* UIC.app */,
				E39642392BC41A7B0036B41B /* UICTests.xctest */,
				E39642432BC41A7B0036B41B /* UICUITests.xctest */,
			);
			name = Products;
			sourceTree = "<group>";
		};
		E39642252BC41A790036B41B /* UIC */ = {
			isa = PBXGroup;
			children = (
				E39642262BC41A790036B41B /* AppDelegate.swift */,
				E39642282BC41A790036B41B /* SceneDelegate.swift */,
				E396422A2BC41A790036B41B /* WebViewViewController.swift */,
				E39642562BC41A950036B41B /* AppConstants.swift */,
				E396422C2BC41A790036B41B /* Main.storyboard */,
				E396422F2BC41A7A0036B41B /* Assets.xcassets */,
				E39642312BC41A7A0036B41B /* LaunchScreen.storyboard */,
				E39642342BC41A7A0036B41B /* Info.plist */,
			);
			path = UIC;
			sourceTree = "<group>";
		};
		E396423C2BC41A7B0036B41B /* UICTests */ = {
			isa = PBXGroup;
			children = (
				E396423D2BC41A7B0036B41B /* UICTests.swift */,
			);
			path = UICTests;
			sourceTree = "<group>";
		};
		E39642462BC41A7B0036B41B /* UICUITests */ = {
			isa = PBXGroup;
			children = (
				E39642472BC41A7B0036B41B /* UICUITests.swift */,
				E39642492BC41A7B0036B41B /* UICUITestsLaunchTests.swift */,
			);
			path = UICUITests;
			sourceTree = "<group>";
		};
/* End PBXGroup section */

/* Begin PBXNativeTarget section */
		E39642222BC41A780036B41B /* UIC */ = {
			isa = PBXNativeTarget;
			buildConfigurationList = E396424D2BC41A7B0036B41B /* Build configuration list for PBXNativeTarget "UIC" */;
			buildPhases = (
				E396421F2BC41A780036B41B /* Sources */,
				E39642202BC41A780036B41B /* Frameworks */,
				E39642212BC41A780036B41B /* Resources */,
			);
			buildRules = (
			);
			dependencies = (
			);
			name = UIC;
			productName = UIC;
			productReference = E39642232BC41A790036B41B /* UIC.app */;
			productType = "com.apple.product-type.application";
		};
		E39642382BC41A7B0036B41B /* UICTests */ = {
			isa = PBXNativeTarget;
			buildConfigurationList = E39642502BC41A7B0036B41B /* Build configuration list for PBXNativeTarget "UICTests" */;
			buildPhases = (
				E39642352BC41A7B0036B41B /* Sources */,
				E39642362BC41A7B0036B41B /* Frameworks */,
				E39642372BC41A7B0036B41B /* Resources */,
			);
			buildRules = (
			);
			dependencies = (
				E396423B2BC41A7B0036B41B /* PBXTargetDependency */,
			);
			name = UICTests;
			productName = UICTests;
			productReference = E39642392BC41A7B0036B41B /* UICTests.xctest */;
			productType = "com.apple.product-type.bundle.unit-test";
		};
		E39642422BC41A7B0036B41B /* UICUITests */ = {
			isa = PBXNativeTarget;
			buildConfigurationList = E39642532BC41A7B0036B41B /* Build configuration list for PBXNativeTarget "UICUITests" */;
			buildPhases = (
				E396423F2BC41A7B0036B41B /* Sources */,
				E39642402BC41A7B0036B41B /* Frameworks */,
				E39642412BC41A7B0036B41B /* Resources */,
			);
			buildRules = (
			);
			dependencies = (
				E39642452BC41A7B0036B41B /* PBXTargetDependency */,
			);
			name = UICUITests;
			productName = UICUITests;
			productReference = E39642432BC41A7B0036B41B /* UICUITests.xctest */;
			productType = "com.apple.product-type.bundle.ui-testing";
		};
/* End PBXNativeTarget section */

/* Begin PBXProject section */
		E396421B2BC41A780036B41B /* Project object */ = {
			isa = PBXProject;
			attributes = {
				BuildIndependentTargetsInParallel = 1;
				LastSwiftUpdateCheck = 1530;
				LastUpgradeCheck = 1530;
				TargetAttributes = {
					E39642222BC41A780036B41B = {
						CreatedOnToolsVersion = 15.3;
					};
					E39642382BC41A7B0036B41B = {
						CreatedOnToolsVersion = 15.3;
						TestTargetID = E39642222BC41A780036B41B;
					};
					E39642422BC41A7B0036B41B = {
						CreatedOnToolsVersion = 15.3;
						TestTargetID = E39642222BC41A780036B41B;
					};
				};
			};
			buildConfigurationList = E396421E2BC41A780036B41B /* Build configuration list for PBXProject "UIC" */;
			compatibilityVersion = "Xcode 14.0";
			developmentRegion = en;
			hasScannedForEncodings = 0;
			knownRegions = (
				en,
				Base,
			);
			mainGroup = E396421A2BC41A780036B41B;
			productRefGroup = E39642242BC41A790036B41B /* Products */;
			projectDirPath = "";
			projectRoot = "";
			targets = (
				E39642222BC41A780036B41B /* UIC */,
				E39642382BC41A7B0036B41B /* UICTests */,
				E39642422BC41A7B0036B41B /* UICUITests */,
			);
		};
/* End PBXProject section */

/* Begin PBXResourcesBuildPhase section */
		E39642212BC41A780036B41B /* Resources */ = {
			isa = PBXResourcesBuildPhase;
			buildActionMask = 2147483647;
			files = (
				E39642302BC41A7A0036B41B /* Assets.xcassets in Resources */,
				E39642332BC41A7A0036B41B /* Base in Resources */,
				E396422E2BC41A790036B41B /* Base in Resources */,
			);
			runOnlyForDeploymentPostprocessing = 0;
		};
		E39642372BC41A7B0036B41B /* Resources */ = {
			isa = PBXResourcesBuildPhase;
			buildActionMask = 2147483647;
			files = (
			);
			runOnlyForDeploymentPostprocessing = 0;
		};
		E39642412BC41A7B0036B41B /* Resources */ = {
			isa = PBXResourcesBuildPhase;
			buildActionMask = 2147483647;
			files = (
			);
			runOnlyForDeploymentPostprocessing = 0;
		};
/* End PBXResourcesBuildPhase section */

/* Begin PBXSourcesBuildPhase section */
		E396421F2BC41A780036B41B /* Sources */ = {
			isa = PBXSourcesBuildPhase;
			buildActionMask = 2147483647;
			files = (
				E396422B2BC41A790036B41B /* WebViewViewController.swift in Sources */,
				E39642272BC41A790036B41B /* AppDelegate.swift in Sources */,
				E39642292BC41A790036B41B /* SceneDelegate.swift in Sources */,
				E39642572BC41A950036B41B /* AppConstants.swift in Sources */,
			);
			runOnlyForDeploymentPostprocessing = 0;
		};
		E39642352BC41A7B0036B41B /* Sources */ = {
			isa = PBXSourcesBuildPhase;
			buildActionMask = 2147483647;
			files = (
				E396423E2BC41A7B0036B41B /* UICTests.swift in Sources */,
			);
			runOnlyForDeploymentPostprocessing = 0;
		};
		E396423F2BC41A7B0036B41B /* Sources */ = {
			isa = PBXSourcesBuildPhase;
			buildActionMask = 2147483647;
			files = (
				E396424A2BC41A7B0036B41B /* UICUITestsLaunchTests.swift in Sources */,
				E39642482BC41A7B0036B41B /* UICUITests.swift in Sources */,
			);
			runOnlyForDeploymentPostprocessing = 0;
		};
/* End PBXSourcesBuildPhase section */

/* Begin PBXTargetDependency section */
		E396423B2BC41A7B0036B41B /* PBXTargetDependency */ = {
			isa = PBXTargetDependency;
			target = E39642222BC41A780036B41B /* UIC */;
			targetProxy = E396423A2BC41A7B0036B41B /* PBXContainerItemProxy */;
		};
		E39642452BC41A7B0036B41B /* PBXTargetDependency */ = {
			isa = PBXTargetDependency;
			target = E39642222BC41A780036B41B /* UIC */;
			targetProxy = E39642442BC41A7B0036B41B /* PBXContainerItemProxy */;
		};
/* End PBXTargetDependency section */

/* Begin PBXVariantGroup section */
		E396422C2BC41A790036B41B /* Main.storyboard */ = {
			isa = PBXVariantGroup;
			children = (
				E396422D2BC41A790036B41B /* Base */,
			);
			name = Main.storyboard;
			sourceTree = "<group>";
		};
		E39642312BC41A7A0036B41B /* LaunchScreen.storyboard */ = {
			isa = PBXVariantGroup;
			children = (
				E39642322BC41A7A0036B41B /* Base */,
			);
			name = LaunchScreen.storyboard;
			sourceTree = "<group>";
		};
/* End PBXVariantGroup section */

/* Begin XCBuildConfiguration section */
		E396424B2BC41A7B0036B41B /* Debug */ = {
			isa = XCBuildConfiguration;
			buildSettings = {
				ALWAYS_SEARCH_USER_PATHS = NO;
				ASSETCATALOG_COMPILER_GENERATE_SWIFT_ASSET_SYMBOL_EXTENSIONS = YES;
				CLANG_ANALYZER_NONNULL = YES;
				CLANG_ANALYZER_NUMBER_OBJECT_CONVERSION = YES_AGGRESSIVE;
				CLANG_CXX_LANGUAGE_STANDARD = "gnu++20";
				CLANG_ENABLE_MODULES = YES;
				CLANG_ENABLE_OBJC_ARC = YES;
				CLANG_ENABLE_OBJC_WEAK = YES;
				CLANG_WARN_BLOCK_CAPTURE_AUTORELEASING = YES;
				CLANG_WARN_BOOL_CONVERSION = YES;
				CLANG_WARN_COMMA = YES;
				CLANG_WARN_CONSTANT_CONVERSION = YES;
				CLANG_WARN_DEPRECATED_OBJC_IMPLEMENTATIONS = YES;
				CLANG_WARN_DIRECT_OBJC_ISA_USAGE = YES_ERROR;
				CLANG_WARN_DOCUMENTATION_COMMENTS = YES;
				CLANG_WARN_EMPTY_BODY = YES;
				CLANG_WARN_ENUM_CONVERSION = YES;
				CLANG_WARN_INFINITE_RECURSION = YES;
				CLANG_WARN_INT_CONVERSION = YES;
				CLANG_WARN_NON_LITERAL_NULL_CONVERSION = YES;
				CLANG_WARN_OBJC_IMPLICIT_RETAIN_SELF = YES;
				CLANG_WARN_OBJC_LITERAL_CONVERSION = YES;
				CLANG_WARN_OBJC_ROOT_CLASS = YES_ERROR;
				CLANG_WARN_QUOTED_INCLUDE_IN_FRAMEWORK_HEADER = YES;
				CLANG_WARN_RANGE_LOOP_ANALYSIS = YES;
				CLANG_WARN_STRICT_PROTOTYPES = YES;
				CLANG_WARN_SUSPICIOUS_MOVE = YES;
				CLANG_WARN_UNGUARDED_AVAILABILITY = YES_AGGRESSIVE;
				CLANG_WARN_UNREACHABLE_CODE = YES;
				CLANG_WARN__DUPLICATE_METHOD_MATCH = YES;
				COPY_PHASE_STRIP = NO;
				DEBUG_INFORMATION_FORMAT = dwarf;
				ENABLE_STRICT_OBJC_MSGSEND = YES;
				ENABLE_TESTABILITY = YES;
				ENABLE_USER_SCRIPT_SANDBOXING = YES;
				GCC_C_LANGUAGE_STANDARD = gnu17;
				GCC_DYNAMIC_NO_PIC = NO;
				GCC_NO_COMMON_BLOCKS = YES;
				GCC_OPTIMIZATION_LEVEL = 0;
				GCC_PREPROCESSOR_DEFINITIONS = (
					"DEBUG=1",
					"$(inherited)",
				);
				GCC_WARN_64_TO_32_BIT_CONVERSION = YES;
				GCC_WARN_ABOUT_RETURN_TYPE = YES_ERROR;
				GCC_WARN_UNDECLARED_SELECTOR = YES;
				GCC_WARN_UNINITIALIZED_AUTOS = YES_AGGRESSIVE;
				GCC_WARN_UNUSED_FUNCTION = YES;
				GCC_WARN_UNUSED_VARIABLE = YES;
				IPHONEOS_DEPLOYMENT_TARGET = 17.4;
				LOCALIZATION_PREFERS_STRING_CATALOGS = YES;
				MTL_ENABLE_DEBUG_INFO = INCLUDE_SOURCE;
				MTL_FAST_MATH = YES;
				ONLY_ACTIVE_ARCH = YES;
				SDKROOT = iphoneos;
				SWIFT_ACTIVE_COMPILATION_CONDITIONS = "DEBUG $(inherited)";
				SWIFT_OPTIMIZATION_LEVEL = "-Onone";
			};
			name = Debug;
		};
		E396424C2BC41A7B0036B41B /* Release */ = {
			isa = XCBuildConfiguration;
			buildSettings = {
				ALWAYS_SEARCH_USER_PATHS = NO;
				ASSETCATALOG_COMPILER_GENERATE_SWIFT_ASSET_SYMBOL_EXTENSIONS = YES;
				CLANG_ANALYZER_NONNULL = YES;
				CLANG_ANALYZER_NUMBER_OBJECT_CONVERSION = YES_AGGRESSIVE;
				CLANG_CXX_LANGUAGE_STANDARD = "gnu++20";
				CLANG_ENABLE_MODULES = YES;
				CLANG_ENABLE_OBJC_ARC = YES;
				CLANG_ENABLE_OBJC_WEAK = YES;
				CLANG_WARN_BLOCK_CAPTURE_AUTORELEASING = YES;
				CLANG_WARN_BOOL_CONVERSION = YES;
				CLANG_WARN_COMMA = YES;
				CLANG_WARN_CONSTANT_CONVERSION = YES;
				CLANG_WARN_DEPRECATED_OBJC_IMPLEMENTATIONS = YES;
				CLANG_WARN_DIRECT_OBJC_ISA_USAGE = YES_ERROR;
				CLANG_WARN_DOCUMENTATION_COMMENTS = YES;
				CLANG_WARN_EMPTY_BODY = YES;
				CLANG_WARN_ENUM_CONVERSION = YES;
				CLANG_WARN_INFINITE_RECURSION = YES;
				CLANG_WARN_INT_CONVERSION = YES;
				CLANG_WARN_NON_LITERAL_NULL_CONVERSION = YES;
				CLANG_WARN_OBJC_IMPLICIT_RETAIN_SELF = YES;
				CLANG_WARN_OBJC_LITERAL_CONVERSION = YES;
				CLANG_WARN_OBJC_ROOT_CLASS = YES_ERROR;
				CLANG_WARN_QUOTED_INCLUDE_IN_FRAMEWORK_HEADER = YES;
				CLANG_WARN_RANGE_LOOP_ANALYSIS = YES;
				CLANG_WARN_STRICT_PROTOTYPES = YES;
				CLANG_WARN_SUSPICIOUS_MOVE = YES;
				CLANG_WARN_UNGUARDED_AVAILABILITY = YES_AGGRESSIVE;
				CLANG_WARN_UNREACHABLE_CODE = YES;
				CLANG_WARN__DUPLICATE_METHOD_MATCH = YES;
				COPY_PHASE_STRIP = NO;
				DEBUG_INFORMATION_FORMAT = "dwarf-with-dsym";
				ENABLE_NS_ASSERTIONS = NO;
				ENABLE_STRICT_OBJC_MSGSEND = YES;
				ENABLE_USER_SCRIPT_SANDBOXING = YES;
				GCC_C_LANGUAGE_STANDARD = gnu17;
				GCC_NO_COMMON_BLOCKS = YES;
				GCC_WARN_64_TO_32_BIT_CONVERSION = YES;
				GCC_WARN_ABOUT_RETURN_TYPE = YES_ERROR;
				GCC_WARN_UNDECLARED_SELECTOR = YES;
				GCC_WARN_UNINITIALIZED_AUTOS = YES_AGGRESSIVE;
				GCC_WARN_UNUSED_FUNCTION = YES;
				GCC_WARN_UNUSED_VARIABLE = YES;
				IPHONEOS_DEPLOYMENT_TARGET = 17.4;
				LOCALIZATION_PREFERS_STRING_CATALOGS = YES;
				MTL_ENABLE_DEBUG_INFO = NO;
				MTL_FAST_MATH = YES;
				SDKROOT = iphoneos;
				SWIFT_COMPILATION_MODE = wholemodule;
				VALIDATE_PRODUCT = YES;
			};
			name = Release;
		};
		E396424E2BC41A7B0036B41B /* Debug */ = {
			isa = XCBuildConfiguration;
			buildSettings = {
				ASSETCATALOG_COMPILER_APPICON_NAME = AppIcon;
				ASSETCATALOG_COMPILER_GLOBAL_ACCENT_COLOR_NAME = AccentColor;
				CODE_SIGN_STYLE = Automatic;
				CURRENT_PROJECT_VERSION = 1;
				DEVELOPMENT_TEAM = X5G9MV7VSC;
				GENERATE_INFOPLIST_FILE = YES;
				INFOPLIST_FILE = UIC/Info.plist;
				INFOPLIST_KEY_UIApplicationSupportsIndirectInputEvents = YES;
				INFOPLIST_KEY_UILaunchStoryboardName = LaunchScreen;
				INFOPLIST_KEY_UIMainStoryboardFile = Main;
				INFOPLIST_KEY_UISupportedInterfaceOrientations_iPad = "UIInterfaceOrientationPortrait UIInterfaceOrientationPortraitUpsideDown UIInterfaceOrientationLandscapeLeft UIInterfaceOrientationLandscapeRight";
				INFOPLIST_KEY_UISupportedInterfaceOrientations_iPhone = "UIInterfaceOrientationPortrait UIInterfaceOrientationLandscapeLeft UIInterfaceOrientationLandscapeRight";
				LD_RUNPATH_SEARCH_PATHS = (
					"$(inherited)",
					"@executable_path/Frameworks",
				);
				MARKETING_VERSION = 1.0;
				PRODUCT_BUNDLE_IDENTIFIER = com.talkit.UIC;
				PRODUCT_NAME = "$(TARGET_NAME)";
				SWIFT_EMIT_LOC_STRINGS = YES;
				SWIFT_VERSION = 5.0;
				TARGETED_DEVICE_FAMILY = "1,2";
			};
			name = Debug;
		};
		E396424F2BC41A7B0036B41B /* Release */ = {
			isa = XCBuildConfiguration;
			buildSettings = {
				ASSETCATALOG_COMPILER_APPICON_NAME = AppIcon;
				ASSETCATALOG_COMPILER_GLOBAL_ACCENT_COLOR_NAME = AccentColor;
				CODE_SIGN_STYLE = Automatic;
				CURRENT_PROJECT_VERSION = 1;
				DEVELOPMENT_TEAM = X5G9MV7VSC;
				GENERATE_INFOPLIST_FILE = YES;
				INFOPLIST_FILE = UIC/Info.plist;
				INFOPLIST_KEY_UIApplicationSupportsIndirectInputEvents = YES;
				INFOPLIST_KEY_UILaunchStoryboardName = LaunchScreen;
				INFOPLIST_KEY_UIMainStoryboardFile = Main;
				INFOPLIST_KEY_UISupportedInterfaceOrientations_iPad = "UIInterfaceOrientationPortrait UIInterfaceOrientationPortraitUpsideDown UIInterfaceOrientationLandscapeLeft UIInterfaceOrientationLandscapeRight";
				INFOPLIST_KEY_UISupportedInterfaceOrientations_iPhone = "UIInterfaceOrientationPortrait UIInterfaceOrientationLandscapeLeft UIInterfaceOrientationLandscapeRight";
				LD_RUNPATH_SEARCH_PATHS = (
					"$(inherited)",
					"@executable_path/Frameworks",
				);
				MARKETING_VERSION = 1.0;
				PRODUCT_BUNDLE_IDENTIFIER = com.talkit.UIC;
				PRODUCT_NAME = "$(TARGET_NAME)";
				SWIFT_EMIT_LOC_STRINGS = YES;
				SWIFT_VERSION = 5.0;
				TARGETED_DEVICE_FAMILY = "1,2";
			};
			name = Release;
		};
		E39642512BC41A7B0036B41B /* Debug */ = {
			isa = XCBuildConfiguration;
			buildSettings = {
				ALWAYS_EMBED_SWIFT_STANDARD_LIBRARIES = YES;
				BUNDLE_LOADER = "$(TEST_HOST)";
				CODE_SIGN_STYLE = Automatic;
				CURRENT_PROJECT_VERSION = 1;
				DEVELOPMENT_TEAM = X5G9MV7VSC;
				GENERATE_INFOPLIST_FILE = YES;
				IPHONEOS_DEPLOYMENT_TARGET = 17.4;
				MARKETING_VERSION = 1.0;
				PRODUCT_BUNDLE_IDENTIFIER = com.talkit.UICTests;
				PRODUCT_NAME = "$(TARGET_NAME)";
				SWIFT_EMIT_LOC_STRINGS = NO;
				SWIFT_VERSION = 5.0;
				TARGETED_DEVICE_FAMILY = "1,2";
				TEST_HOST = "$(BUILT_PRODUCTS_DIR)/UIC.app/$(BUNDLE_EXECUTABLE_FOLDER_PATH)/UIC";
			};
			name = Debug;
		};
		E39642522BC41A7B0036B41B /* Release */ = {
			isa = XCBuildConfiguration;
			buildSettings = {
				ALWAYS_EMBED_SWIFT_STANDARD_LIBRARIES = YES;
				BUNDLE_LOADER = "$(TEST_HOST)";
				CODE_SIGN_STYLE = Automatic;
				CURRENT_PROJECT_VERSION = 1;
				DEVELOPMENT_TEAM = X5G9MV7VSC;
				GENERATE_INFOPLIST_FILE = YES;
				IPHONEOS_DEPLOYMENT_TARGET = 17.4;
				MARKETING_VERSION = 1.0;
				PRODUCT_BUNDLE_IDENTIFIER = com.talkit.UICTests;
				PRODUCT_NAME = "$(TARGET_NAME)";
				SWIFT_EMIT_LOC_STRINGS = NO;
				SWIFT_VERSION = 5.0;
				TARGETED_DEVICE_FAMILY = "1,2";
				TEST_HOST = "$(BUILT_PRODUCTS_DIR)/UIC.app/$(BUNDLE_EXECUTABLE_FOLDER_PATH)/UIC";
			};
			name = Release;
		};
		E39642542BC41A7B0036B41B /* Debug */ = {
			isa = XCBuildConfiguration;
			buildSettings = {
				ALWAYS_EMBED_SWIFT_STANDARD_LIBRARIES = YES;
				CODE_SIGN_STYLE = Automatic;
				CURRENT_PROJECT_VERSION = 1;
				DEVELOPMENT_TEAM = X5G9MV7VSC;
				GENERATE_INFOPLIST_FILE = YES;
				MARKETING_VERSION = 1.0;
				PRODUCT_BUNDLE_IDENTIFIER = com.talkit.UICUITests;
				PRODUCT_NAME = "$(TARGET_NAME)";
				SWIFT_EMIT_LOC_STRINGS = NO;
				SWIFT_VERSION = 5.0;
				TARGETED_DEVICE_FAMILY = "1,2";
				TEST_TARGET_NAME = UIC;
			};
			name = Debug;
		};
		E39642552BC41A7B0036B41B /* Release */ = {
			isa = XCBuildConfiguration;
			buildSettings = {
				ALWAYS_EMBED_SWIFT_STANDARD_LIBRARIES = YES;
				CODE_SIGN_STYLE = Automatic;
				CURRENT_PROJECT_VERSION = 1;
				DEVELOPMENT_TEAM = X5G9MV7VSC;
				GENERATE_INFOPLIST_FILE = YES;
				MARKETING_VERSION = 1.0;
				PRODUCT_BUNDLE_IDENTIFIER = com.talkit.UICUITests;
				PRODUCT_NAME = "$(TARGET_NAME)";
				SWIFT_EMIT_LOC_STRINGS = NO;
				SWIFT_VERSION = 5.0;
				TARGETED_DEVICE_FAMILY = "1,2";
				TEST_TARGET_NAME = UIC;
			};
			name = Release;
		};
/* End XCBuildConfiguration section */

/* Begin XCConfigurationList section */
		E396421E2BC41A780036B41B /* Build configuration list for PBXProject "UIC" */ = {
			isa = XCConfigurationList;
			buildConfigurations = (
				E396424B2BC41A7B0036B41B /* Debug */,
				E396424C2BC41A7B0036B41B /* Release */,
			);
			defaultConfigurationIsVisible = 0;
			defaultConfigurationName = Release;
		};
		E396424D2BC41A7B0036B41B /* Build configuration list for PBXNativeTarget "UIC" */ = {
			isa = XCConfigurationList;
			buildConfigurations = (
				E396424E2BC41A7B0036B41B /* Debug */,
				E396424F2BC41A7B0036B41B /* Release */,
			);
			defaultConfigurationIsVisible = 0;
			defaultConfigurationName = Release;
		};
		E39642502BC41A7B0036B41B /* Build configuration list for PBXNativeTarget "UICTests" */ = {
			isa = XCConfigurationList;
			buildConfigurations = (
				E39642512BC41A7B0036B41B /* Debug */,
				E39642522BC41A7B0036B41B /* Release */,
			);
			defaultConfigurationIsVisible = 0;
			defaultConfigurationName = Release;
		};
		E39642532BC41A7B0036B41B /* Build configuration list for PBXNativeTarget "UICUITests" */ = {
			isa = XCConfigurationList;
			buildConfigurations = (
				E39642542BC41A7B0036B41B /* Debug */,
				E39642552BC41A7B0036B41B /* Release */,
			);
			defaultConfigurationIsVisible = 0;
			defaultConfigurationName = Release;
		};
/* End XCConfigurationList section */
	};
	rootObject = E396421B2BC41A780036B41B /* Project object */;
}
